// !$*UTF8*$!
{
	archiveVersion = 1;
	classes = {
	};
	objectVersion = 56;
	objects = {

/* Begin PBXBuildFile section */
		09297B7E2A683389008D6CD0 /* CalculateScreen.swift in Sources */ = {isa = PBXBuildFile; fileRef = 09297B7D2A683389008D6CD0 /* CalculateScreen.swift */; };
		09297B802A6833E7008D6CD0 /* CalculateViewModel.swift in Sources */ = {isa = PBXBuildFile; fileRef = 09297B7F2A6833E7008D6CD0 /* CalculateViewModel.swift */; };
		09297B842A6834FB008D6CD0 /* MapScreen.swift in Sources */ = {isa = PBXBuildFile; fileRef = 09297B832A6834FB008D6CD0 /* MapScreen.swift */; };
		09297B862A684016008D6CD0 /* data.json in Resources */ = {isa = PBXBuildFile; fileRef = 09297B852A684016008D6CD0 /* data.json */; };
		09297B8A2A68DB86008D6CD0 /* TripScreen.swift in Sources */ = {isa = PBXBuildFile; fileRef = 09297B892A68DB85008D6CD0 /* TripScreen.swift */; };
		09297B8C2A68DB98008D6CD0 /* WishlistScreen.swift in Sources */ = {isa = PBXBuildFile; fileRef = 09297B8B2A68DB98008D6CD0 /* WishlistScreen.swift */; };
		092B74D32A66372300723890 /* EnviroamerApp.swift in Sources */ = {isa = PBXBuildFile; fileRef = 092B74D22A66372300723890 /* EnviroamerApp.swift */; };
		092B74D52A66372300723890 /* ContentView.swift in Sources */ = {isa = PBXBuildFile; fileRef = 092B74D42A66372300723890 /* ContentView.swift */; };
		092B74D72A66372400723890 /* Assets.xcassets in Resources */ = {isa = PBXBuildFile; fileRef = 092B74D62A66372400723890 /* Assets.xcassets */; };
		092B74DB2A66372400723890 /* Preview Assets.xcassets in Resources */ = {isa = PBXBuildFile; fileRef = 092B74DA2A66372400723890 /* Preview Assets.xcassets */; };
		092B74E52A66372400723890 /* EnviroamerTests.swift in Sources */ = {isa = PBXBuildFile; fileRef = 092B74E42A66372400723890 /* EnviroamerTests.swift */; };
		092B74EF2A66372400723890 /* EnviroamerUITests.swift in Sources */ = {isa = PBXBuildFile; fileRef = 092B74EE2A66372400723890 /* EnviroamerUITests.swift */; };
		092B74F12A66372400723890 /* EnviroamerUITestsLaunchTests.swift in Sources */ = {isa = PBXBuildFile; fileRef = 092B74F02A66372400723890 /* EnviroamerUITestsLaunchTests.swift */; };
		092B75042A66389C00723890 /* HomeScreen.swift in Sources */ = {isa = PBXBuildFile; fileRef = 092B75032A66389C00723890 /* HomeScreen.swift */; };
		092B75082A663CBE00723890 /* CardView.swift in Sources */ = {isa = PBXBuildFile; fileRef = 092B75072A663CBE00723890 /* CardView.swift */; };
		0950A19F2A6793720062628E /* UpcomIngTripsScreen.swift in Sources */ = {isa = PBXBuildFile; fileRef = 0950A19E2A6793720062628E /* UpcomIngTripsScreen.swift */; };
		573C401B2A6B893F00B12D5E /* ModalDescOffset.swift in Sources */ = {isa = PBXBuildFile; fileRef = 573C401A2A6B893F00B12D5E /* ModalDescOffset.swift */; };
		573C401D2A6B918600B12D5E /* ContactViewModel.swift in Sources */ = {isa = PBXBuildFile; fileRef = 573C401C2A6B918600B12D5E /* ContactViewModel.swift */; };
		573C40202A6B987200B12D5E /* SlidingTabView in Frameworks */ = {isa = PBXBuildFile; productRef = 573C401F2A6B987200B12D5E /* SlidingTabView */; };
		573C40292A6BDA0700B12D5E /* SF-Pro-Rounded-Regular.otf in Resources */ = {isa = PBXBuildFile; fileRef = 573C40252A6BDA0600B12D5E /* SF-Pro-Rounded-Regular.otf */; };
		573C402A2A6BDA0700B12D5E /* SF-Pro-Rounded-Medium.otf in Resources */ = {isa = PBXBuildFile; fileRef = 573C40262A6BDA0600B12D5E /* SF-Pro-Rounded-Medium.otf */; };
		573C402B2A6BDA0700B12D5E /* SF-Pro-Rounded-Bold.otf in Resources */ = {isa = PBXBuildFile; fileRef = 573C40272A6BDA0700B12D5E /* SF-Pro-Rounded-Bold.otf */; };
		573C402C2A6BDA0700B12D5E /* SF-Pro-Rounded-Semibold.otf in Resources */ = {isa = PBXBuildFile; fileRef = 573C40282A6BDA0700B12D5E /* SF-Pro-Rounded-Semibold.otf */; };
		57559DBF2A69181600A1A476 /* Tourism.swift in Sources */ = {isa = PBXBuildFile; fileRef = 57559DBE2A69181600A1A476 /* Tourism.swift */; };
		57559DC12A69182700A1A476 /* Location.swift in Sources */ = {isa = PBXBuildFile; fileRef = 57559DC02A69182700A1A476 /* Location.swift */; };
		57559DC32A69183800A1A476 /* OffsetActivity.swift in Sources */ = {isa = PBXBuildFile; fileRef = 57559DC22A69183800A1A476 /* OffsetActivity.swift */; };
		57559DC52A6918A700A1A476 /* TourismViewModel.swift in Sources */ = {isa = PBXBuildFile; fileRef = 57559DC42A6918A700A1A476 /* TourismViewModel.swift */; };
		57559DC72A691C9600A1A476 /* ExploreScreen.swift in Sources */ = {isa = PBXBuildFile; fileRef = 57559DC62A691C9600A1A476 /* ExploreScreen.swift */; };
		57559DC92A691CB500A1A476 /* ItemContentVertical.swift in Sources */ = {isa = PBXBuildFile; fileRef = 57559DC82A691CB500A1A476 /* ItemContentVertical.swift */; };
		57559DCB2A691CC500A1A476 /* ItemContentHorizontal.swift in Sources */ = {isa = PBXBuildFile; fileRef = 57559DCA2A691CC500A1A476 /* ItemContentHorizontal.swift */; };
		57559DCD2A691D0600A1A476 /* CustomCorner.swift in Sources */ = {isa = PBXBuildFile; fileRef = 57559DCC2A691D0600A1A476 /* CustomCorner.swift */; };
		57559DCF2A6921AB00A1A476 /* TripCardScreen.swift in Sources */ = {isa = PBXBuildFile; fileRef = 57559DCE2A6921AB00A1A476 /* TripCardScreen.swift */; };
		57559DD32A6921EE00A1A476 /* CarbonContentTrip.swift in Sources */ = {isa = PBXBuildFile; fileRef = 57559DD22A6921EE00A1A476 /* CarbonContentTrip.swift */; };
		57559DD52A69220100A1A476 /* DestinationContentTrip.swift in Sources */ = {isa = PBXBuildFile; fileRef = 57559DD42A69220100A1A476 /* DestinationContentTrip.swift */; };
		57559DD72A69225000A1A476 /* ActivityOffsetContentTrip.swift in Sources */ = {isa = PBXBuildFile; fileRef = 57559DD62A69225000A1A476 /* ActivityOffsetContentTrip.swift */; };
		57559DD92A69226B00A1A476 /* TransportationContentTrip.swift in Sources */ = {isa = PBXBuildFile; fileRef = 57559DD82A69226B00A1A476 /* TransportationContentTrip.swift */; };
		57559DE12A69265200A1A476 /* ItemImageCard.swift in Sources */ = {isa = PBXBuildFile; fileRef = 57559DE02A69265200A1A476 /* ItemImageCard.swift */; };
		57559DE32A69488900A1A476 /* ExtensionColor.swift in Sources */ = {isa = PBXBuildFile; fileRef = 57559DE22A69488900A1A476 /* ExtensionColor.swift */; };
		57559DE52A696F1900A1A476 /* ItemDestinationActivity.swift in Sources */ = {isa = PBXBuildFile; fileRef = 57559DE42A696F1900A1A476 /* ItemDestinationActivity.swift */; };
		57559DE72A69CC4100A1A476 /* DestinationScreen.swift in Sources */ = {isa = PBXBuildFile; fileRef = 57559DE62A69CC4100A1A476 /* DestinationScreen.swift */; };
		57559DE92A69CC4F00A1A476 /* ActivityOffsetScreen.swift in Sources */ = {isa = PBXBuildFile; fileRef = 57559DE82A69CC4F00A1A476 /* ActivityOffsetScreen.swift */; };
		57559DEB2A6A412500A1A476 /* ItemImageDestination.swift in Sources */ = {isa = PBXBuildFile; fileRef = 57559DEA2A6A412500A1A476 /* ItemImageDestination.swift */; };
		57559DED2A6A977A00A1A476 /* ModalSheetDescription.swift in Sources */ = {isa = PBXBuildFile; fileRef = 57559DEC2A6A977A00A1A476 /* ModalSheetDescription.swift */; };
		57559DEF2A6A978C00A1A476 /* ModalSheetActivities.swift in Sources */ = {isa = PBXBuildFile; fileRef = 57559DEE2A6A978C00A1A476 /* ModalSheetActivities.swift */; };
/* End PBXBuildFile section */

/* Begin PBXContainerItemProxy section */
		092B74E12A66372400723890 /* PBXContainerItemProxy */ = {
			isa = PBXContainerItemProxy;
			containerPortal = 092B74C72A66372300723890 /* Project object */;
			proxyType = 1;
			remoteGlobalIDString = 092B74CE2A66372300723890;
			remoteInfo = Enviroamer;
		};
		092B74EB2A66372400723890 /* PBXContainerItemProxy */ = {
			isa = PBXContainerItemProxy;
			containerPortal = 092B74C72A66372300723890 /* Project object */;
			proxyType = 1;
			remoteGlobalIDString = 092B74CE2A66372300723890;
			remoteInfo = Enviroamer;
		};
/* End PBXContainerItemProxy section */

/* Begin PBXFileReference section */
		09297B7D2A683389008D6CD0 /* CalculateScreen.swift */ = {isa = PBXFileReference; lastKnownFileType = sourcecode.swift; path = CalculateScreen.swift; sourceTree = "<group>"; };
		09297B7F2A6833E7008D6CD0 /* CalculateViewModel.swift */ = {isa = PBXFileReference; lastKnownFileType = sourcecode.swift; path = CalculateViewModel.swift; sourceTree = "<group>"; };
		09297B832A6834FB008D6CD0 /* MapScreen.swift */ = {isa = PBXFileReference; lastKnownFileType = sourcecode.swift; path = MapScreen.swift; sourceTree = "<group>"; };
		09297B852A684016008D6CD0 /* data.json */ = {isa = PBXFileReference; fileEncoding = 4; lastKnownFileType = text.json; path = data.json; sourceTree = "<group>"; };
		09297B892A68DB85008D6CD0 /* TripScreen.swift */ = {isa = PBXFileReference; lastKnownFileType = sourcecode.swift; path = TripScreen.swift; sourceTree = "<group>"; };
		09297B8B2A68DB98008D6CD0 /* WishlistScreen.swift */ = {isa = PBXFileReference; lastKnownFileType = sourcecode.swift; path = WishlistScreen.swift; sourceTree = "<group>"; };
		092B74CF2A66372300723890 /* Enviroamer.app */ = {isa = PBXFileReference; explicitFileType = wrapper.application; includeInIndex = 0; path = Enviroamer.app; sourceTree = BUILT_PRODUCTS_DIR; };
		092B74D22A66372300723890 /* EnviroamerApp.swift */ = {isa = PBXFileReference; lastKnownFileType = sourcecode.swift; path = EnviroamerApp.swift; sourceTree = "<group>"; };
		092B74D42A66372300723890 /* ContentView.swift */ = {isa = PBXFileReference; lastKnownFileType = sourcecode.swift; path = ContentView.swift; sourceTree = "<group>"; };
		092B74D62A66372400723890 /* Assets.xcassets */ = {isa = PBXFileReference; lastKnownFileType = folder.assetcatalog; path = Assets.xcassets; sourceTree = "<group>"; };
		092B74D82A66372400723890 /* Enviroamer.entitlements */ = {isa = PBXFileReference; lastKnownFileType = text.plist.entitlements; path = Enviroamer.entitlements; sourceTree = "<group>"; };
		092B74DA2A66372400723890 /* Preview Assets.xcassets */ = {isa = PBXFileReference; lastKnownFileType = folder.assetcatalog; path = "Preview Assets.xcassets"; sourceTree = "<group>"; };
		092B74E02A66372400723890 /* EnviroamerTests.xctest */ = {isa = PBXFileReference; explicitFileType = wrapper.cfbundle; includeInIndex = 0; path = EnviroamerTests.xctest; sourceTree = BUILT_PRODUCTS_DIR; };
		092B74E42A66372400723890 /* EnviroamerTests.swift */ = {isa = PBXFileReference; lastKnownFileType = sourcecode.swift; path = EnviroamerTests.swift; sourceTree = "<group>"; };
		092B74EA2A66372400723890 /* EnviroamerUITests.xctest */ = {isa = PBXFileReference; explicitFileType = wrapper.cfbundle; includeInIndex = 0; path = EnviroamerUITests.xctest; sourceTree = BUILT_PRODUCTS_DIR; };
		092B74EE2A66372400723890 /* EnviroamerUITests.swift */ = {isa = PBXFileReference; lastKnownFileType = sourcecode.swift; path = EnviroamerUITests.swift; sourceTree = "<group>"; };
		092B74F02A66372400723890 /* EnviroamerUITestsLaunchTests.swift */ = {isa = PBXFileReference; lastKnownFileType = sourcecode.swift; path = EnviroamerUITestsLaunchTests.swift; sourceTree = "<group>"; };
		092B75032A66389C00723890 /* HomeScreen.swift */ = {isa = PBXFileReference; lastKnownFileType = sourcecode.swift; path = HomeScreen.swift; sourceTree = "<group>"; };
		092B75072A663CBE00723890 /* CardView.swift */ = {isa = PBXFileReference; lastKnownFileType = sourcecode.swift; path = CardView.swift; sourceTree = "<group>"; };
		0950A19E2A6793720062628E /* UpcomIngTripsScreen.swift */ = {isa = PBXFileReference; lastKnownFileType = sourcecode.swift; path = UpcomIngTripsScreen.swift; sourceTree = "<group>"; };
		573C401A2A6B893F00B12D5E /* ModalDescOffset.swift */ = {isa = PBXFileReference; lastKnownFileType = sourcecode.swift; path = ModalDescOffset.swift; sourceTree = "<group>"; };
		573C401C2A6B918600B12D5E /* ContactViewModel.swift */ = {isa = PBXFileReference; lastKnownFileType = sourcecode.swift; path = ContactViewModel.swift; sourceTree = "<group>"; };
		573C40252A6BDA0600B12D5E /* SF-Pro-Rounded-Regular.otf */ = {isa = PBXFileReference; lastKnownFileType = file; path = "SF-Pro-Rounded-Regular.otf"; sourceTree = "<group>"; };
		573C40262A6BDA0600B12D5E /* SF-Pro-Rounded-Medium.otf */ = {isa = PBXFileReference; lastKnownFileType = file; path = "SF-Pro-Rounded-Medium.otf"; sourceTree = "<group>"; };
		573C40272A6BDA0700B12D5E /* SF-Pro-Rounded-Bold.otf */ = {isa = PBXFileReference; lastKnownFileType = file; path = "SF-Pro-Rounded-Bold.otf"; sourceTree = "<group>"; };
		573C40282A6BDA0700B12D5E /* SF-Pro-Rounded-Semibold.otf */ = {isa = PBXFileReference; lastKnownFileType = file; path = "SF-Pro-Rounded-Semibold.otf"; sourceTree = "<group>"; };
		573C402D2A6BDA6200B12D5E /* Info.plist */ = {isa = PBXFileReference; lastKnownFileType = text.plist; path = Info.plist; sourceTree = "<group>"; };
		57559DBE2A69181600A1A476 /* Tourism.swift */ = {isa = PBXFileReference; lastKnownFileType = sourcecode.swift; path = Tourism.swift; sourceTree = "<group>"; };
		57559DC02A69182700A1A476 /* Location.swift */ = {isa = PBXFileReference; lastKnownFileType = sourcecode.swift; path = Location.swift; sourceTree = "<group>"; };
		57559DC22A69183800A1A476 /* OffsetActivity.swift */ = {isa = PBXFileReference; lastKnownFileType = sourcecode.swift; path = OffsetActivity.swift; sourceTree = "<group>"; };
		57559DC42A6918A700A1A476 /* TourismViewModel.swift */ = {isa = PBXFileReference; lastKnownFileType = sourcecode.swift; path = TourismViewModel.swift; sourceTree = "<group>"; };
		57559DC62A691C9600A1A476 /* ExploreScreen.swift */ = {isa = PBXFileReference; lastKnownFileType = sourcecode.swift; path = ExploreScreen.swift; sourceTree = "<group>"; };
		57559DC82A691CB500A1A476 /* ItemContentVertical.swift */ = {isa = PBXFileReference; lastKnownFileType = sourcecode.swift; path = ItemContentVertical.swift; sourceTree = "<group>"; };
		57559DCA2A691CC500A1A476 /* ItemContentHorizontal.swift */ = {isa = PBXFileReference; lastKnownFileType = sourcecode.swift; path = ItemContentHorizontal.swift; sourceTree = "<group>"; };
		57559DCC2A691D0600A1A476 /* CustomCorner.swift */ = {isa = PBXFileReference; lastKnownFileType = sourcecode.swift; path = CustomCorner.swift; sourceTree = "<group>"; };
		57559DCE2A6921AB00A1A476 /* TripCardScreen.swift */ = {isa = PBXFileReference; lastKnownFileType = sourcecode.swift; path = TripCardScreen.swift; sourceTree = "<group>"; };
		57559DD22A6921EE00A1A476 /* CarbonContentTrip.swift */ = {isa = PBXFileReference; lastKnownFileType = sourcecode.swift; path = CarbonContentTrip.swift; sourceTree = "<group>"; };
		57559DD42A69220100A1A476 /* DestinationContentTrip.swift */ = {isa = PBXFileReference; lastKnownFileType = sourcecode.swift; path = DestinationContentTrip.swift; sourceTree = "<group>"; };
		57559DD62A69225000A1A476 /* ActivityOffsetContentTrip.swift */ = {isa = PBXFileReference; lastKnownFileType = sourcecode.swift; path = ActivityOffsetContentTrip.swift; sourceTree = "<group>"; };
		57559DD82A69226B00A1A476 /* TransportationContentTrip.swift */ = {isa = PBXFileReference; lastKnownFileType = sourcecode.swift; path = TransportationContentTrip.swift; sourceTree = "<group>"; };
		57559DE02A69265200A1A476 /* ItemImageCard.swift */ = {isa = PBXFileReference; lastKnownFileType = sourcecode.swift; path = ItemImageCard.swift; sourceTree = "<group>"; };
		57559DE22A69488900A1A476 /* ExtensionColor.swift */ = {isa = PBXFileReference; lastKnownFileType = sourcecode.swift; path = ExtensionColor.swift; sourceTree = "<group>"; };
		57559DE42A696F1900A1A476 /* ItemDestinationActivity.swift */ = {isa = PBXFileReference; lastKnownFileType = sourcecode.swift; path = ItemDestinationActivity.swift; sourceTree = "<group>"; };
		57559DE62A69CC4100A1A476 /* DestinationScreen.swift */ = {isa = PBXFileReference; lastKnownFileType = sourcecode.swift; path = DestinationScreen.swift; sourceTree = "<group>"; };
		57559DE82A69CC4F00A1A476 /* ActivityOffsetScreen.swift */ = {isa = PBXFileReference; lastKnownFileType = sourcecode.swift; path = ActivityOffsetScreen.swift; sourceTree = "<group>"; };
		57559DEA2A6A412500A1A476 /* ItemImageDestination.swift */ = {isa = PBXFileReference; lastKnownFileType = sourcecode.swift; path = ItemImageDestination.swift; sourceTree = "<group>"; };
		57559DEC2A6A977A00A1A476 /* ModalSheetDescription.swift */ = {isa = PBXFileReference; lastKnownFileType = sourcecode.swift; path = ModalSheetDescription.swift; sourceTree = "<group>"; };
		57559DEE2A6A978C00A1A476 /* ModalSheetActivities.swift */ = {isa = PBXFileReference; lastKnownFileType = sourcecode.swift; path = ModalSheetActivities.swift; sourceTree = "<group>"; };
/* End PBXFileReference section */

/* Begin PBXFrameworksBuildPhase section */
		092B74CC2A66372300723890 /* Frameworks */ = {
			isa = PBXFrameworksBuildPhase;
			buildActionMask = 2147483647;
			files = (
				573C40202A6B987200B12D5E /* SlidingTabView in Frameworks */,
			);
			runOnlyForDeploymentPostprocessing = 0;
		};
		092B74DD2A66372400723890 /* Frameworks */ = {
			isa = PBXFrameworksBuildPhase;
			buildActionMask = 2147483647;
			files = (
			);
			runOnlyForDeploymentPostprocessing = 0;
		};
		092B74E72A66372400723890 /* Frameworks */ = {
			isa = PBXFrameworksBuildPhase;
			buildActionMask = 2147483647;
			files = (
			);
			runOnlyForDeploymentPostprocessing = 0;
		};
/* End PBXFrameworksBuildPhase section */

/* Begin PBXGroup section */
		09297B7C2A683351008D6CD0 /* Calculate */ = {
			isa = PBXGroup;
			children = (
				09297B7D2A683389008D6CD0 /* CalculateScreen.swift */,
				09297B7F2A6833E7008D6CD0 /* CalculateViewModel.swift */,
			);
			path = Calculate;
			sourceTree = "<group>";
		};
		09297B812A6834E6008D6CD0 /* Map */ = {
			isa = PBXGroup;
			children = (
				09297B832A6834FB008D6CD0 /* MapScreen.swift */,
			);
			path = Map;
			sourceTree = "<group>";
		};
		09297B872A68DB0B008D6CD0 /* Trip */ = {
			isa = PBXGroup;
			children = (
				09297B892A68DB85008D6CD0 /* TripScreen.swift */,
			);
			path = Trip;
			sourceTree = "<group>";
		};
		09297B882A68DB17008D6CD0 /* Wishlist */ = {
			isa = PBXGroup;
			children = (
				09297B8B2A68DB98008D6CD0 /* WishlistScreen.swift */,
			);
			path = Wishlist;
			sourceTree = "<group>";
		};
		092B74C62A66372300723890 = {
			isa = PBXGroup;
			children = (
				092B74D12A66372300723890 /* Enviroamer */,
				092B74E32A66372400723890 /* EnviroamerTests */,
				092B74ED2A66372400723890 /* EnviroamerUITests */,
				092B74D02A66372300723890 /* Products */,
			);
			sourceTree = "<group>";
		};
		092B74D02A66372300723890 /* Products */ = {
			isa = PBXGroup;
			children = (
				092B74CF2A66372300723890 /* Enviroamer.app */,
				092B74E02A66372400723890 /* EnviroamerTests.xctest */,
				092B74EA2A66372400723890 /* EnviroamerUITests.xctest */,
			);
			name = Products;
			sourceTree = "<group>";
		};
		092B74D12A66372300723890 /* Enviroamer */ = {
			isa = PBXGroup;
			children = (
				573C402D2A6BDA6200B12D5E /* Info.plist */,
				573C40242A6BD94100B12D5E /* Font */,
				57559DBD2A68F48400A1A476 /* Resource */,
				57559DBC2A68F44700A1A476 /* View */,
				57559DBB2A68F43600A1A476 /* ViewModel */,
				092B75092A663D7400723890 /* Model */,
				092B74D22A66372300723890 /* EnviroamerApp.swift */,
				092B74D42A66372300723890 /* ContentView.swift */,
				092B74D62A66372400723890 /* Assets.xcassets */,
				092B74D82A66372400723890 /* Enviroamer.entitlements */,
				092B74D92A66372400723890 /* Preview Content */,
			);
			path = Enviroamer;
			sourceTree = "<group>";
		};
		092B74D92A66372400723890 /* Preview Content */ = {
			isa = PBXGroup;
			children = (
				092B74DA2A66372400723890 /* Preview Assets.xcassets */,
			);
			path = "Preview Content";
			sourceTree = "<group>";
		};
		092B74E32A66372400723890 /* EnviroamerTests */ = {
			isa = PBXGroup;
			children = (
				092B74E42A66372400723890 /* EnviroamerTests.swift */,
			);
			path = EnviroamerTests;
			sourceTree = "<group>";
		};
		092B74ED2A66372400723890 /* EnviroamerUITests */ = {
			isa = PBXGroup;
			children = (
				092B74EE2A66372400723890 /* EnviroamerUITests.swift */,
				092B74F02A66372400723890 /* EnviroamerUITestsLaunchTests.swift */,
			);
			path = EnviroamerUITests;
			sourceTree = "<group>";
		};
		092B75002A6637EC00723890 /* Screen */ = {
			isa = PBXGroup;
			children = (
				092B75032A66389C00723890 /* HomeScreen.swift */,
				09297B882A68DB17008D6CD0 /* Wishlist */,
				09297B872A68DB0B008D6CD0 /* Trip */,
				09297B812A6834E6008D6CD0 /* Map */,
				09297B7C2A683351008D6CD0 /* Calculate */,
				092B75022A66380A00723890 /* Explore */,
				57559DDB2A69231C00A1A476 /* TripCard */,
			);
			path = Screen;
			sourceTree = "<group>";
		};
		092B75012A6637F400723890 /* Components */ = {
			isa = PBXGroup;
			children = (
				092B75072A663CBE00723890 /* CardView.swift */,
				57559DCC2A691D0600A1A476 /* CustomCorner.swift */,
				57559DE22A69488900A1A476 /* ExtensionColor.swift */,
			);
			path = Components;
			sourceTree = "<group>";
		};
		092B75022A66380A00723890 /* Explore */ = {
			isa = PBXGroup;
			children = (
				57559DDD2A69237E00A1A476 /* Components */,
				0950A19E2A6793720062628E /* UpcomIngTripsScreen.swift */,
				57559DC62A691C9600A1A476 /* ExploreScreen.swift */,
			);
			path = Explore;
			sourceTree = "<group>";
		};
		092B75092A663D7400723890 /* Model */ = {
			isa = PBXGroup;
			children = (
				57559DBE2A69181600A1A476 /* Tourism.swift */,
				57559DC02A69182700A1A476 /* Location.swift */,
				57559DC22A69183800A1A476 /* OffsetActivity.swift */,
			);
			path = Model;
			sourceTree = "<group>";
		};
		573C40212A6BAFB100B12D5E /* ModalSheet */ = {
			isa = PBXGroup;
			children = (
				57559DEC2A6A977A00A1A476 /* ModalSheetDescription.swift */,
				57559DEE2A6A978C00A1A476 /* ModalSheetActivities.swift */,
				573C401A2A6B893F00B12D5E /* ModalDescOffset.swift */,
			);
			path = ModalSheet;
			sourceTree = "<group>";
		};
		573C40222A6BAFC500B12D5E /* ContentTripCardScreen */ = {
			isa = PBXGroup;
			children = (
				57559DD22A6921EE00A1A476 /* CarbonContentTrip.swift */,
				57559DD42A69220100A1A476 /* DestinationContentTrip.swift */,
				57559DD62A69225000A1A476 /* ActivityOffsetContentTrip.swift */,
				57559DD82A69226B00A1A476 /* TransportationContentTrip.swift */,
			);
			path = ContentTripCardScreen;
			sourceTree = "<group>";
		};
		573C40232A6BAFE300B12D5E /* ImageComponent */ = {
			isa = PBXGroup;
			children = (
				57559DE02A69265200A1A476 /* ItemImageCard.swift */,
				57559DE42A696F1900A1A476 /* ItemDestinationActivity.swift */,
				57559DEA2A6A412500A1A476 /* ItemImageDestination.swift */,
			);
			path = ImageComponent;
			sourceTree = "<group>";
		};
		573C40242A6BD94100B12D5E /* Font */ = {
			isa = PBXGroup;
			children = (
				573C40272A6BDA0700B12D5E /* SF-Pro-Rounded-Bold.otf */,
				573C40262A6BDA0600B12D5E /* SF-Pro-Rounded-Medium.otf */,
				573C40252A6BDA0600B12D5E /* SF-Pro-Rounded-Regular.otf */,
				573C40282A6BDA0700B12D5E /* SF-Pro-Rounded-Semibold.otf */,
			);
			path = Font;
			sourceTree = "<group>";
		};
		57559DBB2A68F43600A1A476 /* ViewModel */ = {
			isa = PBXGroup;
			children = (
				57559DC42A6918A700A1A476 /* TourismViewModel.swift */,
				573C401C2A6B918600B12D5E /* ContactViewModel.swift */,
			);
			path = ViewModel;
			sourceTree = "<group>";
		};
		57559DBC2A68F44700A1A476 /* View */ = {
			isa = PBXGroup;
			children = (
				092B75002A6637EC00723890 /* Screen */,
				092B75012A6637F400723890 /* Components */,
			);
			path = View;
			sourceTree = "<group>";
		};
		57559DBD2A68F48400A1A476 /* Resource */ = {
			isa = PBXGroup;
			children = (
				09297B852A684016008D6CD0 /* data.json */,
			);
			path = Resource;
			sourceTree = "<group>";
		};
		57559DDB2A69231C00A1A476 /* TripCard */ = {
			isa = PBXGroup;
			children = (
				57559DDF2A69239F00A1A476 /* Components */,
				57559DCE2A6921AB00A1A476 /* TripCardScreen.swift */,
				57559DE62A69CC4100A1A476 /* DestinationScreen.swift */,
				57559DE82A69CC4F00A1A476 /* ActivityOffsetScreen.swift */,
			);
			path = TripCard;
			sourceTree = "<group>";
		};
		57559DDD2A69237E00A1A476 /* Components */ = {
			isa = PBXGroup;
			children = (
				57559DC82A691CB500A1A476 /* ItemContentVertical.swift */,
				57559DCA2A691CC500A1A476 /* ItemContentHorizontal.swift */,
			);
			path = Components;
			sourceTree = "<group>";
		};
		57559DDF2A69239F00A1A476 /* Components */ = {
			isa = PBXGroup;
			children = (
				573C40232A6BAFE300B12D5E /* ImageComponent */,
				573C40222A6BAFC500B12D5E /* ContentTripCardScreen */,
				573C40212A6BAFB100B12D5E /* ModalSheet */,
			);
			path = Components;
			sourceTree = "<group>";
		};
/* End PBXGroup section */

/* Begin PBXNativeTarget section */
		092B74CE2A66372300723890 /* Enviroamer */ = {
			isa = PBXNativeTarget;
			buildConfigurationList = 092B74F42A66372400723890 /* Build configuration list for PBXNativeTarget "Enviroamer" */;
			buildPhases = (
				092B74CB2A66372300723890 /* Sources */,
				092B74CC2A66372300723890 /* Frameworks */,
				092B74CD2A66372300723890 /* Resources */,
			);
			buildRules = (
			);
			dependencies = (
			);
			name = Enviroamer;
			packageProductDependencies = (
				573C401F2A6B987200B12D5E /* SlidingTabView */,
			);
			productName = Enviroamer;
			productReference = 092B74CF2A66372300723890 /* Enviroamer.app */;
			productType = "com.apple.product-type.application";
		};
		092B74DF2A66372400723890 /* EnviroamerTests */ = {
			isa = PBXNativeTarget;
			buildConfigurationList = 092B74F72A66372400723890 /* Build configuration list for PBXNativeTarget "EnviroamerTests" */;
			buildPhases = (
				092B74DC2A66372400723890 /* Sources */,
				092B74DD2A66372400723890 /* Frameworks */,
				092B74DE2A66372400723890 /* Resources */,
			);
			buildRules = (
			);
			dependencies = (
				092B74E22A66372400723890 /* PBXTargetDependency */,
			);
			name = EnviroamerTests;
			productName = EnviroamerTests;
			productReference = 092B74E02A66372400723890 /* EnviroamerTests.xctest */;
			productType = "com.apple.product-type.bundle.unit-test";
		};
		092B74E92A66372400723890 /* EnviroamerUITests */ = {
			isa = PBXNativeTarget;
			buildConfigurationList = 092B74FA2A66372400723890 /* Build configuration list for PBXNativeTarget "EnviroamerUITests" */;
			buildPhases = (
				092B74E62A66372400723890 /* Sources */,
				092B74E72A66372400723890 /* Frameworks */,
				092B74E82A66372400723890 /* Resources */,
			);
			buildRules = (
			);
			dependencies = (
				092B74EC2A66372400723890 /* PBXTargetDependency */,
			);
			name = EnviroamerUITests;
			productName = EnviroamerUITests;
			productReference = 092B74EA2A66372400723890 /* EnviroamerUITests.xctest */;
			productType = "com.apple.product-type.bundle.ui-testing";
		};
/* End PBXNativeTarget section */

/* Begin PBXProject section */
		092B74C72A66372300723890 /* Project object */ = {
			isa = PBXProject;
			attributes = {
				BuildIndependentTargetsInParallel = 1;
				LastSwiftUpdateCheck = 1430;
				LastUpgradeCheck = 1430;
				TargetAttributes = {
					092B74CE2A66372300723890 = {
						CreatedOnToolsVersion = 14.3.1;
					};
					092B74DF2A66372400723890 = {
						CreatedOnToolsVersion = 14.3.1;
						TestTargetID = 092B74CE2A66372300723890;
					};
					092B74E92A66372400723890 = {
						CreatedOnToolsVersion = 14.3.1;
						TestTargetID = 092B74CE2A66372300723890;
					};
				};
			};
			buildConfigurationList = 092B74CA2A66372300723890 /* Build configuration list for PBXProject "Enviroamer" */;
			compatibilityVersion = "Xcode 14.0";
			developmentRegion = en;
			hasScannedForEncodings = 0;
			knownRegions = (
				en,
				Base,
			);
			mainGroup = 092B74C62A66372300723890;
			packageReferences = (
				573C401E2A6B987200B12D5E /* XCRemoteSwiftPackageReference "SlidingTabView" */,
			);
			productRefGroup = 092B74D02A66372300723890 /* Products */;
			projectDirPath = "";
			projectRoot = "";
			targets = (
				092B74CE2A66372300723890 /* Enviroamer */,
				092B74DF2A66372400723890 /* EnviroamerTests */,
				092B74E92A66372400723890 /* EnviroamerUITests */,
			);
		};
/* End PBXProject section */

/* Begin PBXResourcesBuildPhase section */
		092B74CD2A66372300723890 /* Resources */ = {
			isa = PBXResourcesBuildPhase;
			buildActionMask = 2147483647;
			files = (
				092B74DB2A66372400723890 /* Preview Assets.xcassets in Resources */,
				573C402A2A6BDA0700B12D5E /* SF-Pro-Rounded-Medium.otf in Resources */,
				573C40292A6BDA0700B12D5E /* SF-Pro-Rounded-Regular.otf in Resources */,
				573C402B2A6BDA0700B12D5E /* SF-Pro-Rounded-Bold.otf in Resources */,
				09297B862A684016008D6CD0 /* data.json in Resources */,
				573C402C2A6BDA0700B12D5E /* SF-Pro-Rounded-Semibold.otf in Resources */,
				092B74D72A66372400723890 /* Assets.xcassets in Resources */,
			);
			runOnlyForDeploymentPostprocessing = 0;
		};
		092B74DE2A66372400723890 /* Resources */ = {
			isa = PBXResourcesBuildPhase;
			buildActionMask = 2147483647;
			files = (
			);
			runOnlyForDeploymentPostprocessing = 0;
		};
		092B74E82A66372400723890 /* Resources */ = {
			isa = PBXResourcesBuildPhase;
			buildActionMask = 2147483647;
			files = (
			);
			runOnlyForDeploymentPostprocessing = 0;
		};
/* End PBXResourcesBuildPhase section */

/* Begin PBXSourcesBuildPhase section */
		092B74CB2A66372300723890 /* Sources */ = {
			isa = PBXSourcesBuildPhase;
			buildActionMask = 2147483647;
			files = (
				57559DD72A69225000A1A476 /* ActivityOffsetContentTrip.swift in Sources */,
				573C401D2A6B918600B12D5E /* ContactViewModel.swift in Sources */,
				09297B842A6834FB008D6CD0 /* MapScreen.swift in Sources */,
				57559DC32A69183800A1A476 /* OffsetActivity.swift in Sources */,
				573C401B2A6B893F00B12D5E /* ModalDescOffset.swift in Sources */,
				092B74D52A66372300723890 /* ContentView.swift in Sources */,
				57559DE52A696F1900A1A476 /* ItemDestinationActivity.swift in Sources */,
				57559DE92A69CC4F00A1A476 /* ActivityOffsetScreen.swift in Sources */,
				57559DD52A69220100A1A476 /* DestinationContentTrip.swift in Sources */,
				57559DD32A6921EE00A1A476 /* CarbonContentTrip.swift in Sources */,
				57559DED2A6A977A00A1A476 /* ModalSheetDescription.swift in Sources */,
				57559DEF2A6A978C00A1A476 /* ModalSheetActivities.swift in Sources */,
				57559DEB2A6A412500A1A476 /* ItemImageDestination.swift in Sources */,
				09297B8A2A68DB86008D6CD0 /* TripScreen.swift in Sources */,
				092B74D32A66372300723890 /* EnviroamerApp.swift in Sources */,
				57559DD92A69226B00A1A476 /* TransportationContentTrip.swift in Sources */,
				092B75042A66389C00723890 /* HomeScreen.swift in Sources */,
				09297B7E2A683389008D6CD0 /* CalculateScreen.swift in Sources */,
				57559DC12A69182700A1A476 /* Location.swift in Sources */,
				57559DCD2A691D0600A1A476 /* CustomCorner.swift in Sources */,
				09297B8C2A68DB98008D6CD0 /* WishlistScreen.swift in Sources */,
				57559DCB2A691CC500A1A476 /* ItemContentHorizontal.swift in Sources */,
				57559DCF2A6921AB00A1A476 /* TripCardScreen.swift in Sources */,
				09297B802A6833E7008D6CD0 /* CalculateViewModel.swift in Sources */,
				57559DC52A6918A700A1A476 /* TourismViewModel.swift in Sources */,
				57559DE32A69488900A1A476 /* ExtensionColor.swift in Sources */,
				57559DC92A691CB500A1A476 /* ItemContentVertical.swift in Sources */,
				0950A19F2A6793720062628E /* UpcomIngTripsScreen.swift in Sources */,
				57559DC72A691C9600A1A476 /* ExploreScreen.swift in Sources */,
				57559DE12A69265200A1A476 /* ItemImageCard.swift in Sources */,
				57559DE72A69CC4100A1A476 /* DestinationScreen.swift in Sources */,
				092B75082A663CBE00723890 /* CardView.swift in Sources */,
				57559DBF2A69181600A1A476 /* Tourism.swift in Sources */,
			);
			runOnlyForDeploymentPostprocessing = 0;
		};
		092B74DC2A66372400723890 /* Sources */ = {
			isa = PBXSourcesBuildPhase;
			buildActionMask = 2147483647;
			files = (
				092B74E52A66372400723890 /* EnviroamerTests.swift in Sources */,
			);
			runOnlyForDeploymentPostprocessing = 0;
		};
		092B74E62A66372400723890 /* Sources */ = {
			isa = PBXSourcesBuildPhase;
			buildActionMask = 2147483647;
			files = (
				092B74F12A66372400723890 /* EnviroamerUITestsLaunchTests.swift in Sources */,
				092B74EF2A66372400723890 /* EnviroamerUITests.swift in Sources */,
			);
			runOnlyForDeploymentPostprocessing = 0;
		};
/* End PBXSourcesBuildPhase section */

/* Begin PBXTargetDependency section */
		092B74E22A66372400723890 /* PBXTargetDependency */ = {
			isa = PBXTargetDependency;
			target = 092B74CE2A66372300723890 /* Enviroamer */;
			targetProxy = 092B74E12A66372400723890 /* PBXContainerItemProxy */;
		};
		092B74EC2A66372400723890 /* PBXTargetDependency */ = {
			isa = PBXTargetDependency;
			target = 092B74CE2A66372300723890 /* Enviroamer */;
			targetProxy = 092B74EB2A66372400723890 /* PBXContainerItemProxy */;
		};
/* End PBXTargetDependency section */

/* Begin XCBuildConfiguration section */
		092B74F22A66372400723890 /* Debug */ = {
			isa = XCBuildConfiguration;
			buildSettings = {
				ALWAYS_SEARCH_USER_PATHS = NO;
				CLANG_ANALYZER_NONNULL = YES;
				CLANG_ANALYZER_NUMBER_OBJECT_CONVERSION = YES_AGGRESSIVE;
				CLANG_CXX_LANGUAGE_STANDARD = "gnu++20";
				CLANG_ENABLE_MODULES = YES;
				CLANG_ENABLE_OBJC_ARC = YES;
				CLANG_ENABLE_OBJC_WEAK = YES;
				CLANG_WARN_BLOCK_CAPTURE_AUTORELEASING = YES;
				CLANG_WARN_BOOL_CONVERSION = YES;
				CLANG_WARN_COMMA = YES;
				CLANG_WARN_CONSTANT_CONVERSION = YES;
				CLANG_WARN_DEPRECATED_OBJC_IMPLEMENTATIONS = YES;
				CLANG_WARN_DIRECT_OBJC_ISA_USAGE = YES_ERROR;
				CLANG_WARN_DOCUMENTATION_COMMENTS = YES;
				CLANG_WARN_EMPTY_BODY = YES;
				CLANG_WARN_ENUM_CONVERSION = YES;
				CLANG_WARN_INFINITE_RECURSION = YES;
				CLANG_WARN_INT_CONVERSION = YES;
				CLANG_WARN_NON_LITERAL_NULL_CONVERSION = YES;
				CLANG_WARN_OBJC_IMPLICIT_RETAIN_SELF = YES;
				CLANG_WARN_OBJC_LITERAL_CONVERSION = YES;
				CLANG_WARN_OBJC_ROOT_CLASS = YES_ERROR;
				CLANG_WARN_QUOTED_INCLUDE_IN_FRAMEWORK_HEADER = YES;
				CLANG_WARN_RANGE_LOOP_ANALYSIS = YES;
				CLANG_WARN_STRICT_PROTOTYPES = YES;
				CLANG_WARN_SUSPICIOUS_MOVE = YES;
				CLANG_WARN_UNGUARDED_AVAILABILITY = YES_AGGRESSIVE;
				CLANG_WARN_UNREACHABLE_CODE = YES;
				CLANG_WARN__DUPLICATE_METHOD_MATCH = YES;
				COPY_PHASE_STRIP = NO;
				DEBUG_INFORMATION_FORMAT = dwarf;
				ENABLE_STRICT_OBJC_MSGSEND = YES;
				ENABLE_TESTABILITY = YES;
				GCC_C_LANGUAGE_STANDARD = gnu11;
				GCC_DYNAMIC_NO_PIC = NO;
				GCC_NO_COMMON_BLOCKS = YES;
				GCC_OPTIMIZATION_LEVEL = 0;
				GCC_PREPROCESSOR_DEFINITIONS = (
					"DEBUG=1",
					"$(inherited)",
				);
				GCC_WARN_64_TO_32_BIT_CONVERSION = YES;
				GCC_WARN_ABOUT_RETURN_TYPE = YES_ERROR;
				GCC_WARN_UNDECLARED_SELECTOR = YES;
				GCC_WARN_UNINITIALIZED_AUTOS = YES_AGGRESSIVE;
				GCC_WARN_UNUSED_FUNCTION = YES;
				GCC_WARN_UNUSED_VARIABLE = YES;
				MTL_ENABLE_DEBUG_INFO = INCLUDE_SOURCE;
				MTL_FAST_MATH = YES;
				ONLY_ACTIVE_ARCH = YES;
				SWIFT_ACTIVE_COMPILATION_CONDITIONS = DEBUG;
				SWIFT_OPTIMIZATION_LEVEL = "-Onone";
			};
			name = Debug;
		};
		092B74F32A66372400723890 /* Release */ = {
			isa = XCBuildConfiguration;
			buildSettings = {
				ALWAYS_SEARCH_USER_PATHS = NO;
				CLANG_ANALYZER_NONNULL = YES;
				CLANG_ANALYZER_NUMBER_OBJECT_CONVERSION = YES_AGGRESSIVE;
				CLANG_CXX_LANGUAGE_STANDARD = "gnu++20";
				CLANG_ENABLE_MODULES = YES;
				CLANG_ENABLE_OBJC_ARC = YES;
				CLANG_ENABLE_OBJC_WEAK = YES;
				CLANG_WARN_BLOCK_CAPTURE_AUTORELEASING = YES;
				CLANG_WARN_BOOL_CONVERSION = YES;
				CLANG_WARN_COMMA = YES;
				CLANG_WARN_CONSTANT_CONVERSION = YES;
				CLANG_WARN_DEPRECATED_OBJC_IMPLEMENTATIONS = YES;
				CLANG_WARN_DIRECT_OBJC_ISA_USAGE = YES_ERROR;
				CLANG_WARN_DOCUMENTATION_COMMENTS = YES;
				CLANG_WARN_EMPTY_BODY = YES;
				CLANG_WARN_ENUM_CONVERSION = YES;
				CLANG_WARN_INFINITE_RECURSION = YES;
				CLANG_WARN_INT_CONVERSION = YES;
				CLANG_WARN_NON_LITERAL_NULL_CONVERSION = YES;
				CLANG_WARN_OBJC_IMPLICIT_RETAIN_SELF = YES;
				CLANG_WARN_OBJC_LITERAL_CONVERSION = YES;
				CLANG_WARN_OBJC_ROOT_CLASS = YES_ERROR;
				CLANG_WARN_QUOTED_INCLUDE_IN_FRAMEWORK_HEADER = YES;
				CLANG_WARN_RANGE_LOOP_ANALYSIS = YES;
				CLANG_WARN_STRICT_PROTOTYPES = YES;
				CLANG_WARN_SUSPICIOUS_MOVE = YES;
				CLANG_WARN_UNGUARDED_AVAILABILITY = YES_AGGRESSIVE;
				CLANG_WARN_UNREACHABLE_CODE = YES;
				CLANG_WARN__DUPLICATE_METHOD_MATCH = YES;
				COPY_PHASE_STRIP = NO;
				DEBUG_INFORMATION_FORMAT = "dwarf-with-dsym";
				ENABLE_NS_ASSERTIONS = NO;
				ENABLE_STRICT_OBJC_MSGSEND = YES;
				GCC_C_LANGUAGE_STANDARD = gnu11;
				GCC_NO_COMMON_BLOCKS = YES;
				GCC_WARN_64_TO_32_BIT_CONVERSION = YES;
				GCC_WARN_ABOUT_RETURN_TYPE = YES_ERROR;
				GCC_WARN_UNDECLARED_SELECTOR = YES;
				GCC_WARN_UNINITIALIZED_AUTOS = YES_AGGRESSIVE;
				GCC_WARN_UNUSED_FUNCTION = YES;
				GCC_WARN_UNUSED_VARIABLE = YES;
				MTL_ENABLE_DEBUG_INFO = NO;
				MTL_FAST_MATH = YES;
				SWIFT_COMPILATION_MODE = wholemodule;
				SWIFT_OPTIMIZATION_LEVEL = "-O";
			};
			name = Release;
		};
		092B74F52A66372400723890 /* Debug */ = {
			isa = XCBuildConfiguration;
			buildSettings = {
				ASSETCATALOG_COMPILER_APPICON_NAME = AppIcon;
				ASSETCATALOG_COMPILER_GLOBAL_ACCENT_COLOR_NAME = AccentColor;
				CODE_SIGN_ENTITLEMENTS = Enviroamer/Enviroamer.entitlements;
				CODE_SIGN_STYLE = Automatic;
				CURRENT_PROJECT_VERSION = 1;
				DEVELOPMENT_ASSET_PATHS = "\"Enviroamer/Preview Content\"";
				DEVELOPMENT_TEAM = "";
				ENABLE_HARDENED_RUNTIME = YES;
				ENABLE_PREVIEWS = YES;
				GENERATE_INFOPLIST_FILE = YES;
				INFOPLIST_FILE = Enviroamer/Info.plist;
				INFOPLIST_KEY_NSLocationWhenInUseUsageDescription = "Want to know your location!";
				"INFOPLIST_KEY_UIApplicationSceneManifest_Generation[sdk=iphoneos*]" = YES;
				"INFOPLIST_KEY_UIApplicationSceneManifest_Generation[sdk=iphonesimulator*]" = YES;
				"INFOPLIST_KEY_UIApplicationSupportsIndirectInputEvents[sdk=iphoneos*]" = YES;
				"INFOPLIST_KEY_UIApplicationSupportsIndirectInputEvents[sdk=iphonesimulator*]" = YES;
				"INFOPLIST_KEY_UILaunchScreen_Generation[sdk=iphoneos*]" = YES;
				"INFOPLIST_KEY_UILaunchScreen_Generation[sdk=iphonesimulator*]" = YES;
				"INFOPLIST_KEY_UIStatusBarStyle[sdk=iphoneos*]" = UIStatusBarStyleDefault;
				"INFOPLIST_KEY_UIStatusBarStyle[sdk=iphonesimulator*]" = UIStatusBarStyleDefault;
				INFOPLIST_KEY_UISupportedInterfaceOrientations_iPad = "UIInterfaceOrientationPortrait UIInterfaceOrientationPortraitUpsideDown UIInterfaceOrientationLandscapeLeft UIInterfaceOrientationLandscapeRight";
				INFOPLIST_KEY_UISupportedInterfaceOrientations_iPhone = "UIInterfaceOrientationPortrait UIInterfaceOrientationLandscapeLeft UIInterfaceOrientationLandscapeRight";
				IPHONEOS_DEPLOYMENT_TARGET = 16.4;
				LD_RUNPATH_SEARCH_PATHS = "@executable_path/Frameworks";
				"LD_RUNPATH_SEARCH_PATHS[sdk=macosx*]" = "@executable_path/../Frameworks";
				MACOSX_DEPLOYMENT_TARGET = 13.3;
				MARKETING_VERSION = 1.0;
				PRODUCT_BUNDLE_IDENTIFIER = com.mys.enviroamer.Enviroamer;
				PRODUCT_NAME = "$(TARGET_NAME)";
				SDKROOT = auto;
				SUPPORTED_PLATFORMS = "iphoneos iphonesimulator macosx";
				SWIFT_EMIT_LOC_STRINGS = YES;
				SWIFT_VERSION = 5.0;
				TARGETED_DEVICE_FAMILY = "1,2";
			};
			name = Debug;
		};
		092B74F62A66372400723890 /* Release */ = {
			isa = XCBuildConfiguration;
			buildSettings = {
				ASSETCATALOG_COMPILER_APPICON_NAME = AppIcon;
				ASSETCATALOG_COMPILER_GLOBAL_ACCENT_COLOR_NAME = AccentColor;
				CODE_SIGN_ENTITLEMENTS = Enviroamer/Enviroamer.entitlements;
				CODE_SIGN_STYLE = Automatic;
				CURRENT_PROJECT_VERSION = 1;
				DEVELOPMENT_ASSET_PATHS = "\"Enviroamer/Preview Content\"";
				DEVELOPMENT_TEAM = "";
				ENABLE_HARDENED_RUNTIME = YES;
				ENABLE_PREVIEWS = YES;
				GENERATE_INFOPLIST_FILE = YES;
				INFOPLIST_FILE = Enviroamer/Info.plist;
				INFOPLIST_KEY_NSLocationWhenInUseUsageDescription = "Want to know your location!";
				"INFOPLIST_KEY_UIApplicationSceneManifest_Generation[sdk=iphoneos*]" = YES;
				"INFOPLIST_KEY_UIApplicationSceneManifest_Generation[sdk=iphonesimulator*]" = YES;
				"INFOPLIST_KEY_UIApplicationSupportsIndirectInputEvents[sdk=iphoneos*]" = YES;
				"INFOPLIST_KEY_UIApplicationSupportsIndirectInputEvents[sdk=iphonesimulator*]" = YES;
				"INFOPLIST_KEY_UILaunchScreen_Generation[sdk=iphoneos*]" = YES;
				"INFOPLIST_KEY_UILaunchScreen_Generation[sdk=iphonesimulator*]" = YES;
				"INFOPLIST_KEY_UIStatusBarStyle[sdk=iphoneos*]" = UIStatusBarStyleDefault;
				"INFOPLIST_KEY_UIStatusBarStyle[sdk=iphonesimulator*]" = UIStatusBarStyleDefault;
				INFOPLIST_KEY_UISupportedInterfaceOrientations_iPad = "UIInterfaceOrientationPortrait UIInterfaceOrientationPortraitUpsideDown UIInterfaceOrientationLandscapeLeft UIInterfaceOrientationLandscapeRight";
				INFOPLIST_KEY_UISupportedInterfaceOrientations_iPhone = "UIInterfaceOrientationPortrait UIInterfaceOrientationLandscapeLeft UIInterfaceOrientationLandscapeRight";
				IPHONEOS_DEPLOYMENT_TARGET = 16.4;
				LD_RUNPATH_SEARCH_PATHS = "@executable_path/Frameworks";
				"LD_RUNPATH_SEARCH_PATHS[sdk=macosx*]" = "@executable_path/../Frameworks";
				MACOSX_DEPLOYMENT_TARGET = 13.3;
				MARKETING_VERSION = 1.0;
				PRODUCT_BUNDLE_IDENTIFIER = com.mys.enviroamer.Enviroamer;
				PRODUCT_NAME = "$(TARGET_NAME)";
				SDKROOT = auto;
				SUPPORTED_PLATFORMS = "iphoneos iphonesimulator macosx";
				SWIFT_EMIT_LOC_STRINGS = YES;
				SWIFT_VERSION = 5.0;
				TARGETED_DEVICE_FAMILY = "1,2";
			};
			name = Release;
		};
		092B74F82A66372400723890 /* Debug */ = {
			isa = XCBuildConfiguration;
			buildSettings = {
				ALWAYS_EMBED_SWIFT_STANDARD_LIBRARIES = YES;
				BUNDLE_LOADER = "$(TEST_HOST)";
				CODE_SIGN_STYLE = Automatic;
				CURRENT_PROJECT_VERSION = 1;
				DEVELOPMENT_TEAM = 2U39LWX9H7;
				GENERATE_INFOPLIST_FILE = YES;
				IPHONEOS_DEPLOYMENT_TARGET = 16.4;
				MACOSX_DEPLOYMENT_TARGET = 13.3;
				MARKETING_VERSION = 1.0;
				PRODUCT_BUNDLE_IDENTIFIER = com.mys.enviroamer.EnviroamerTests;
				PRODUCT_NAME = "$(TARGET_NAME)";
				SDKROOT = auto;
				SUPPORTED_PLATFORMS = "iphoneos iphonesimulator macosx";
				SWIFT_EMIT_LOC_STRINGS = NO;
				SWIFT_VERSION = 5.0;
				TARGETED_DEVICE_FAMILY = "1,2";
				TEST_HOST = "$(BUILT_PRODUCTS_DIR)/Enviroamer.app/$(BUNDLE_EXECUTABLE_FOLDER_PATH)/Enviroamer";
			};
			name = Debug;
		};
		092B74F92A66372400723890 /* Release */ = {
			isa = XCBuildConfiguration;
			buildSettings = {
				ALWAYS_EMBED_SWIFT_STANDARD_LIBRARIES = YES;
				BUNDLE_LOADER = "$(TEST_HOST)";
				CODE_SIGN_STYLE = Automatic;
				CURRENT_PROJECT_VERSION = 1;
				DEVELOPMENT_TEAM = 2U39LWX9H7;
				GENERATE_INFOPLIST_FILE = YES;
				IPHONEOS_DEPLOYMENT_TARGET = 16.4;
				MACOSX_DEPLOYMENT_TARGET = 13.3;
				MARKETING_VERSION = 1.0;
				PRODUCT_BUNDLE_IDENTIFIER = com.mys.enviroamer.EnviroamerTests;
				PRODUCT_NAME = "$(TARGET_NAME)";
				SDKROOT = auto;
				SUPPORTED_PLATFORMS = "iphoneos iphonesimulator macosx";
				SWIFT_EMIT_LOC_STRINGS = NO;
				SWIFT_VERSION = 5.0;
				TARGETED_DEVICE_FAMILY = "1,2";
				TEST_HOST = "$(BUILT_PRODUCTS_DIR)/Enviroamer.app/$(BUNDLE_EXECUTABLE_FOLDER_PATH)/Enviroamer";
			};
			name = Release;
		};
		092B74FB2A66372400723890 /* Debug */ = {
			isa = XCBuildConfiguration;
			buildSettings = {
				ALWAYS_EMBED_SWIFT_STANDARD_LIBRARIES = YES;
				CODE_SIGN_STYLE = Automatic;
				CURRENT_PROJECT_VERSION = 1;
				DEVELOPMENT_TEAM = 2U39LWX9H7;
				GENERATE_INFOPLIST_FILE = YES;
				IPHONEOS_DEPLOYMENT_TARGET = 16.4;
				MACOSX_DEPLOYMENT_TARGET = 13.3;
				MARKETING_VERSION = 1.0;
				PRODUCT_BUNDLE_IDENTIFIER = com.mys.enviroamer.EnviroamerUITests;
				PRODUCT_NAME = "$(TARGET_NAME)";
				SDKROOT = auto;
				SUPPORTED_PLATFORMS = "iphoneos iphonesimulator macosx";
				SWIFT_EMIT_LOC_STRINGS = NO;
				SWIFT_VERSION = 5.0;
				TARGETED_DEVICE_FAMILY = "1,2";
				TEST_TARGET_NAME = Enviroamer;
			};
			name = Debug;
		};
		092B74FC2A66372400723890 /* Release */ = {
			isa = XCBuildConfiguration;
			buildSettings = {
				ALWAYS_EMBED_SWIFT_STANDARD_LIBRARIES = YES;
				CODE_SIGN_STYLE = Automatic;
				CURRENT_PROJECT_VERSION = 1;
				DEVELOPMENT_TEAM = 2U39LWX9H7;
				GENERATE_INFOPLIST_FILE = YES;
				IPHONEOS_DEPLOYMENT_TARGET = 16.4;
				MACOSX_DEPLOYMENT_TARGET = 13.3;
				MARKETING_VERSION = 1.0;
				PRODUCT_BUNDLE_IDENTIFIER = com.mys.enviroamer.EnviroamerUITests;
				PRODUCT_NAME = "$(TARGET_NAME)";
				SDKROOT = auto;
				SUPPORTED_PLATFORMS = "iphoneos iphonesimulator macosx";
				SWIFT_EMIT_LOC_STRINGS = NO;
				SWIFT_VERSION = 5.0;
				TARGETED_DEVICE_FAMILY = "1,2";
				TEST_TARGET_NAME = Enviroamer;
			};
			name = Release;
		};
/* End XCBuildConfiguration section */

/* Begin XCConfigurationList section */
		092B74CA2A66372300723890 /* Build configuration list for PBXProject "Enviroamer" */ = {
			isa = XCConfigurationList;
			buildConfigurations = (
				092B74F22A66372400723890 /* Debug */,
				092B74F32A66372400723890 /* Release */,
			);
			defaultConfigurationIsVisible = 0;
			defaultConfigurationName = Release;
		};
		092B74F42A66372400723890 /* Build configuration list for PBXNativeTarget "Enviroamer" */ = {
			isa = XCConfigurationList;
			buildConfigurations = (
				092B74F52A66372400723890 /* Debug */,
				092B74F62A66372400723890 /* Release */,
			);
			defaultConfigurationIsVisible = 0;
			defaultConfigurationName = Release;
		};
		092B74F72A66372400723890 /* Build configuration list for PBXNativeTarget "EnviroamerTests" */ = {
			isa = XCConfigurationList;
			buildConfigurations = (
				092B74F82A66372400723890 /* Debug */,
				092B74F92A66372400723890 /* Release */,
			);
			defaultConfigurationIsVisible = 0;
			defaultConfigurationName = Release;
		};
		092B74FA2A66372400723890 /* Build configuration list for PBXNativeTarget "EnviroamerUITests" */ = {
			isa = XCConfigurationList;
			buildConfigurations = (
				092B74FB2A66372400723890 /* Debug */,
				092B74FC2A66372400723890 /* Release */,
			);
			defaultConfigurationIsVisible = 0;
			defaultConfigurationName = Release;
		};
/* End XCConfigurationList section */

/* Begin XCRemoteSwiftPackageReference section */
		573C401E2A6B987200B12D5E /* XCRemoteSwiftPackageReference "SlidingTabView" */ = {
			isa = XCRemoteSwiftPackageReference;
			repositoryURL = "https://github.com/QuynhNguyen/SlidingTabView.git";
			requirement = {
				kind = upToNextMajorVersion;
				minimumVersion = 1.0.0;
			};
		};
/* End XCRemoteSwiftPackageReference section */

/* Begin XCSwiftPackageProductDependency section */
		573C401F2A6B987200B12D5E /* SlidingTabView */ = {
			isa = XCSwiftPackageProductDependency;
			package = 573C401E2A6B987200B12D5E /* XCRemoteSwiftPackageReference "SlidingTabView" */;
			productName = SlidingTabView;
		};
/* End XCSwiftPackageProductDependency section */
	};
	rootObject = 092B74C72A66372300723890 /* Project object */;
}
